
Microsoft Visual Studio Solution File, Format Version 12.00
# Visual Studio Version 16
VisualStudioVersion = 16.0.30309.148
MinimumVisualStudioVersion = 10.0.40219.1
Project("{FAE04EC0-301F-11D3-BF4B-00C04F79EFBC}") = "WebAPI", "WebAPI\WebAPI.csproj", "{FFF7E2D3-B5C2-49FD-BA31-614DCBDA0DDD}"
EndProject
Global
	GlobalSection(SolutionConfigurationPlatforms) = preSolution
		Debug|Any CPU = Debug|Any CPU
		Release|Any CPU = Release|Any CPU
	EndGlobalSection
	GlobalSection(ProjectConfigurationPlatforms) = postSolution
		{FFF7E2D3-B5C2-49FD-BA31-614DCBDA0DDD}.Debug|Any CPU.ActiveCfg = Debug|Any CPU
		{FFF7E2D3-B5C2-49FD-BA31-614DCBDA0DDD}.Debug|Any CPU.Build.0 = Debug|Any CPU
		{FFF7E2D3-B5C2-49FD-BA31-614DCBDA0DDD}.Release|Any CPU.ActiveCfg = Release|Any CPU
		{FFF7E2D3-B5C2-49FD-BA31-614DCBDA0DDD}.Release|Any CPU.Build.0 = Release|Any CPU
	EndGlobalSection
	GlobalSection(SolutionProperties) = preSolution
		HideSolutionNode = FALSE
	EndGlobalSection
	GlobalSection(ExtensibilityGlobals) = postSolution
		SolutionGuid = {90821163-4008-440C-966B-19DD3F01FD51}
	EndGlobalSection
EndGlobal
